{
  "name": "@standardbeagle/mcp-tui",
  "version": "0.9.1",
  "lockfileVersion": 3,
  "requires": true,
  "packages": {
    "": {
      "name": "@standardbeagle/mcp-tui",
      "version": "0.9.1",
      "hasInstallScript": true,
      "license": "MIT",
      "bin": {
        "mcp-tui": "bin/mcp-tui.js"
      },
      "engines": {
        "node": ">=18"
      }
    }
  }
}
